
Microsoft Visual Studio Solution File, Format Version 12.00
# Visual Studio 15
VisualStudioVersion = 15.0.28307.645
MinimumVisualStudioVersion = 10.0.40219.1
Project("{FAE04EC0-301F-11D3-BF4B-00C04F79EFBC}") = "SnatApi.UnitTests", "SnatApi.UnitTests\SnatApi.UnitTests.csproj", "{CC5B4E22-B107-4139-AE13-63CBAB53968E}"
EndProject
Project("{FAE04EC0-301F-11D3-BF4B-00C04F79EFBC}") = "GenerateDataSenat", "SenatApi\GenerateDataSenat.csproj", "{9A85366A-5D28-4E95-AADF-819EB4126A6D}"
EndProject
Global
	GlobalSection(SolutionConfigurationPlatforms) = preSolution
		Debug|Any CPU = Debug|Any CPU
		Release|Any CPU = Release|Any CPU
	EndGlobalSection
	GlobalSection(ProjectConfigurationPlatforms) = postSolution
		{CC5B4E22-B107-4139-AE13-63CBAB53968E}.Debug|Any CPU.ActiveCfg = Debug|Any CPU
		{CC5B4E22-B107-4139-AE13-63CBAB53968E}.Debug|Any CPU.Build.0 = Debug|Any CPU
		{CC5B4E22-B107-4139-AE13-63CBAB53968E}.Release|Any CPU.ActiveCfg = Release|Any CPU
		{CC5B4E22-B107-4139-AE13-63CBAB53968E}.Release|Any CPU.Build.0 = Release|Any CPU
		{9A85366A-5D28-4E95-AADF-819EB4126A6D}.Debug|Any CPU.ActiveCfg = Debug|Any CPU
		{9A85366A-5D28-4E95-AADF-819EB4126A6D}.Debug|Any CPU.Build.0 = Debug|Any CPU
		{9A85366A-5D28-4E95-AADF-819EB4126A6D}.Release|Any CPU.ActiveCfg = Release|Any CPU
		{9A85366A-5D28-4E95-AADF-819EB4126A6D}.Release|Any CPU.Build.0 = Release|Any CPU
	EndGlobalSection
	GlobalSection(SolutionProperties) = preSolution
		HideSolutionNode = FALSE
	EndGlobalSection
	GlobalSection(ExtensibilityGlobals) = postSolution
		SolutionGuid = {55EFFB7E-2885-466F-8B0A-74A5B097BEAF}
	EndGlobalSection
EndGlobal
